{
  "lockfileVersion": 1,
  "configVersion": 1,
  "workspaces": {
    "": {
      "name": "forstelinja-prover",
      "devDependencies": {
        "@fristil/designsystem": "0.14.0",
        "playwright": "^1.60.0",
      },
    },
  },
  "packages": {
    "@fristil/designsystem": ["@fristil/designsystem@0.14.0", "", { "bin": { "fristil": "dist/cli.js" } }, "sha512-czaYa6JRfe17Kp+5Tdut/aDsZMEaXNo9gksFtmNl4/dDt61TMiWMKM2xXWZUdkXT6tIr9TIaIER3zb4w2fHxEg=="],

    "playwright": ["playwright@1.63.0", "", { "dependencies": { "playwright-core": "1.63.0" }, "bin": { "playwright": "cli.js" } }, "sha512-+7ziBLidS4NaNCdt57SUDT+wYmmd5fmiQejUic/kb+YsYSCPyOOE9sebzMjNmQrsnNpDJqd4WHvV/8lfKfUDUg=="],

    "playwright-core": ["playwright-core@1.63.0", "", { "bin": { "playwright-core": "cli.js" } }, "sha512-rYCsBF/M5HjUch52bbtVONEFjv6Xu8sm8h72dNlR5bzIE1fvC/bxgspzkjSfU+MweEMmPM8KJebG6nnyxo5mCg=="],
  }
}
